
Microsoft Visual Studio Solution File, Format Version 12.00
# Visual Studio 15
VisualStudioVersion = 15.0.28307.572
MinimumVisualStudioVersion = 10.0.40219.1
Project("{8BC9CEB8-8B4A-11D0-8D11-00A0C91BC942}") = "Project80", "Project80\Project80.vcxproj", "{80D6949A-DE64-4FAF-9385-920C70C14746}"
EndProject
Global
	GlobalSection(SolutionConfigurationPlatforms) = preSolution
		Debug|x64 = Debug|x64
		Debug|x86 = Debug|x86
		Release|x64 = Release|x64
		Release|x86 = Release|x86
	EndGlobalSection
	GlobalSection(ProjectConfigurationPlatforms) = postSolution
		{80D6949A-DE64-4FAF-9385-920C70C14746}.Debug|x64.ActiveCfg = Debug|x64
		{80D6949A-DE64-4FAF-9385-920C70C14746}.Debug|x64.Build.0 = Debug|x64
		{80D6949A-DE64-4FAF-9385-920C70C14746}.Debug|x86.ActiveCfg = Debug|Win32
		{80D6949A-DE64-4FAF-9385-920C70C14746}.Debug|x86.Build.0 = Debug|Win32
		{80D6949A-DE64-4FAF-9385-920C70C14746}.Release|x64.ActiveCfg = Release|x64
		{80D6949A-DE64-4FAF-9385-920C70C14746}.Release|x64.Build.0 = Release|x64
		{80D6949A-DE64-4FAF-9385-920C70C14746}.Release|x86.ActiveCfg = Release|Win32
		{80D6949A-DE64-4FAF-9385-920C70C14746}.Release|x86.Build.0 = Release|Win32
	EndGlobalSection
	GlobalSection(SolutionProperties) = preSolution
		HideSolutionNode = FALSE
	EndGlobalSection
	GlobalSection(ExtensibilityGlobals) = postSolution
		SolutionGuid = {CD5EBC66-7E5A-40F9-9AA3-274789BBE68D}
	EndGlobalSection
EndGlobal
