
Microsoft Visual Studio Solution File, Format Version 12.00
# Visual Studio 15
VisualStudioVersion = 15.0.28307.572
MinimumVisualStudioVersion = 10.0.40219.1
Project("{8BC9CEB8-8B4A-11D0-8D11-00A0C91BC942}") = "Project54", "Project54\Project54.vcxproj", "{804D20FF-523A-46B9-A952-51E86F8810E8}"
EndProject
Global
	GlobalSection(SolutionConfigurationPlatforms) = preSolution
		Debug|x64 = Debug|x64
		Debug|x86 = Debug|x86
		Release|x64 = Release|x64
		Release|x86 = Release|x86
	EndGlobalSection
	GlobalSection(ProjectConfigurationPlatforms) = postSolution
		{804D20FF-523A-46B9-A952-51E86F8810E8}.Debug|x64.ActiveCfg = Debug|x64
		{804D20FF-523A-46B9-A952-51E86F8810E8}.Debug|x64.Build.0 = Debug|x64
		{804D20FF-523A-46B9-A952-51E86F8810E8}.Debug|x86.ActiveCfg = Debug|Win32
		{804D20FF-523A-46B9-A952-51E86F8810E8}.Debug|x86.Build.0 = Debug|Win32
		{804D20FF-523A-46B9-A952-51E86F8810E8}.Release|x64.ActiveCfg = Release|x64
		{804D20FF-523A-46B9-A952-51E86F8810E8}.Release|x64.Build.0 = Release|x64
		{804D20FF-523A-46B9-A952-51E86F8810E8}.Release|x86.ActiveCfg = Release|Win32
		{804D20FF-523A-46B9-A952-51E86F8810E8}.Release|x86.Build.0 = Release|Win32
	EndGlobalSection
	GlobalSection(SolutionProperties) = preSolution
		HideSolutionNode = FALSE
	EndGlobalSection
	GlobalSection(ExtensibilityGlobals) = postSolution
		SolutionGuid = {C906FE98-40A4-41ED-A581-53C54B0EFFA4}
	EndGlobalSection
EndGlobal
