
Microsoft Visual Studio Solution File, Format Version 12.00
# Visual Studio 15
VisualStudioVersion = 15.0.28307.572
MinimumVisualStudioVersion = 10.0.40219.1
Project("{8BC9CEB8-8B4A-11D0-8D11-00A0C91BC942}") = "Project145", "Project145\Project145.vcxproj", "{125E646C-57D1-48D8-8E56-FADBC0087B4A}"
EndProject
Global
	GlobalSection(SolutionConfigurationPlatforms) = preSolution
		Debug|x64 = Debug|x64
		Debug|x86 = Debug|x86
		Release|x64 = Release|x64
		Release|x86 = Release|x86
	EndGlobalSection
	GlobalSection(ProjectConfigurationPlatforms) = postSolution
		{125E646C-57D1-48D8-8E56-FADBC0087B4A}.Debug|x64.ActiveCfg = Debug|x64
		{125E646C-57D1-48D8-8E56-FADBC0087B4A}.Debug|x64.Build.0 = Debug|x64
		{125E646C-57D1-48D8-8E56-FADBC0087B4A}.Debug|x86.ActiveCfg = Debug|Win32
		{125E646C-57D1-48D8-8E56-FADBC0087B4A}.Debug|x86.Build.0 = Debug|Win32
		{125E646C-57D1-48D8-8E56-FADBC0087B4A}.Release|x64.ActiveCfg = Release|x64
		{125E646C-57D1-48D8-8E56-FADBC0087B4A}.Release|x64.Build.0 = Release|x64
		{125E646C-57D1-48D8-8E56-FADBC0087B4A}.Release|x86.ActiveCfg = Release|Win32
		{125E646C-57D1-48D8-8E56-FADBC0087B4A}.Release|x86.Build.0 = Release|Win32
	EndGlobalSection
	GlobalSection(SolutionProperties) = preSolution
		HideSolutionNode = FALSE
	EndGlobalSection
	GlobalSection(ExtensibilityGlobals) = postSolution
		SolutionGuid = {22DC50F5-253A-4215-ABF4-C9F910D41E40}
	EndGlobalSection
EndGlobal
