
Microsoft Visual Studio Solution File, Format Version 12.00
# Visual Studio 15
VisualStudioVersion = 15.0.28307.572
MinimumVisualStudioVersion = 10.0.40219.1
Project("{8BC9CEB8-8B4A-11D0-8D11-00A0C91BC942}") = "Project155", "Project155\Project155.vcxproj", "{A0833095-82EB-4092-B421-ECD393A21EF7}"
EndProject
Global
	GlobalSection(SolutionConfigurationPlatforms) = preSolution
		Debug|x64 = Debug|x64
		Debug|x86 = Debug|x86
		Release|x64 = Release|x64
		Release|x86 = Release|x86
	EndGlobalSection
	GlobalSection(ProjectConfigurationPlatforms) = postSolution
		{A0833095-82EB-4092-B421-ECD393A21EF7}.Debug|x64.ActiveCfg = Debug|x64
		{A0833095-82EB-4092-B421-ECD393A21EF7}.Debug|x64.Build.0 = Debug|x64
		{A0833095-82EB-4092-B421-ECD393A21EF7}.Debug|x86.ActiveCfg = Debug|Win32
		{A0833095-82EB-4092-B421-ECD393A21EF7}.Debug|x86.Build.0 = Debug|Win32
		{A0833095-82EB-4092-B421-ECD393A21EF7}.Release|x64.ActiveCfg = Release|x64
		{A0833095-82EB-4092-B421-ECD393A21EF7}.Release|x64.Build.0 = Release|x64
		{A0833095-82EB-4092-B421-ECD393A21EF7}.Release|x86.ActiveCfg = Release|Win32
		{A0833095-82EB-4092-B421-ECD393A21EF7}.Release|x86.Build.0 = Release|Win32
	EndGlobalSection
	GlobalSection(SolutionProperties) = preSolution
		HideSolutionNode = FALSE
	EndGlobalSection
	GlobalSection(ExtensibilityGlobals) = postSolution
		SolutionGuid = {EF49276C-33F5-4127-B66A-8436DF2D9AA5}
	EndGlobalSection
EndGlobal
