
Microsoft Visual Studio Solution File, Format Version 12.00
# Visual Studio 15
VisualStudioVersion = 15.0.28307.572
MinimumVisualStudioVersion = 10.0.40219.1
Project("{8BC9CEB8-8B4A-11D0-8D11-00A0C91BC942}") = "Project13", "Project13\Project13.vcxproj", "{DAFC8A63-0634-4F92-A0E7-81712402EE5E}"
EndProject
Global
	GlobalSection(SolutionConfigurationPlatforms) = preSolution
		Debug|x64 = Debug|x64
		Debug|x86 = Debug|x86
		Release|x64 = Release|x64
		Release|x86 = Release|x86
	EndGlobalSection
	GlobalSection(ProjectConfigurationPlatforms) = postSolution
		{DAFC8A63-0634-4F92-A0E7-81712402EE5E}.Debug|x64.ActiveCfg = Debug|x64
		{DAFC8A63-0634-4F92-A0E7-81712402EE5E}.Debug|x64.Build.0 = Debug|x64
		{DAFC8A63-0634-4F92-A0E7-81712402EE5E}.Debug|x86.ActiveCfg = Debug|Win32
		{DAFC8A63-0634-4F92-A0E7-81712402EE5E}.Debug|x86.Build.0 = Debug|Win32
		{DAFC8A63-0634-4F92-A0E7-81712402EE5E}.Release|x64.ActiveCfg = Release|x64
		{DAFC8A63-0634-4F92-A0E7-81712402EE5E}.Release|x64.Build.0 = Release|x64
		{DAFC8A63-0634-4F92-A0E7-81712402EE5E}.Release|x86.ActiveCfg = Release|Win32
		{DAFC8A63-0634-4F92-A0E7-81712402EE5E}.Release|x86.Build.0 = Release|Win32
	EndGlobalSection
	GlobalSection(SolutionProperties) = preSolution
		HideSolutionNode = FALSE
	EndGlobalSection
	GlobalSection(ExtensibilityGlobals) = postSolution
		SolutionGuid = {14A834F7-E3EF-4923-9893-72E9DB534F38}
	EndGlobalSection
EndGlobal
