
Microsoft Visual Studio Solution File, Format Version 12.00
# Visual Studio 15
VisualStudioVersion = 15.0.28307.572
MinimumVisualStudioVersion = 10.0.40219.1
Project("{8BC9CEB8-8B4A-11D0-8D11-00A0C91BC942}") = "Project136", "Project136\Project136.vcxproj", "{48F051D4-16CA-4EFE-AB28-064DCB5926AA}"
EndProject
Global
	GlobalSection(SolutionConfigurationPlatforms) = preSolution
		Debug|x64 = Debug|x64
		Debug|x86 = Debug|x86
		Release|x64 = Release|x64
		Release|x86 = Release|x86
	EndGlobalSection
	GlobalSection(ProjectConfigurationPlatforms) = postSolution
		{48F051D4-16CA-4EFE-AB28-064DCB5926AA}.Debug|x64.ActiveCfg = Debug|x64
		{48F051D4-16CA-4EFE-AB28-064DCB5926AA}.Debug|x64.Build.0 = Debug|x64
		{48F051D4-16CA-4EFE-AB28-064DCB5926AA}.Debug|x86.ActiveCfg = Debug|Win32
		{48F051D4-16CA-4EFE-AB28-064DCB5926AA}.Debug|x86.Build.0 = Debug|Win32
		{48F051D4-16CA-4EFE-AB28-064DCB5926AA}.Release|x64.ActiveCfg = Release|x64
		{48F051D4-16CA-4EFE-AB28-064DCB5926AA}.Release|x64.Build.0 = Release|x64
		{48F051D4-16CA-4EFE-AB28-064DCB5926AA}.Release|x86.ActiveCfg = Release|Win32
		{48F051D4-16CA-4EFE-AB28-064DCB5926AA}.Release|x86.Build.0 = Release|Win32
	EndGlobalSection
	GlobalSection(SolutionProperties) = preSolution
		HideSolutionNode = FALSE
	EndGlobalSection
	GlobalSection(ExtensibilityGlobals) = postSolution
		SolutionGuid = {2479F21F-D3B3-4D22-92B7-8956A0C319C9}
	EndGlobalSection
EndGlobal
