
Microsoft Visual Studio Solution File, Format Version 12.00
# Visual Studio 15
VisualStudioVersion = 15.0.28307.572
MinimumVisualStudioVersion = 10.0.40219.1
Project("{8BC9CEB8-8B4A-11D0-8D11-00A0C91BC942}") = "Project97", "Project97\Project97.vcxproj", "{E62E616A-BAB4-4F32-8069-C08C7FB11742}"
EndProject
Global
	GlobalSection(SolutionConfigurationPlatforms) = preSolution
		Debug|x64 = Debug|x64
		Debug|x86 = Debug|x86
		Release|x64 = Release|x64
		Release|x86 = Release|x86
	EndGlobalSection
	GlobalSection(ProjectConfigurationPlatforms) = postSolution
		{E62E616A-BAB4-4F32-8069-C08C7FB11742}.Debug|x64.ActiveCfg = Debug|x64
		{E62E616A-BAB4-4F32-8069-C08C7FB11742}.Debug|x64.Build.0 = Debug|x64
		{E62E616A-BAB4-4F32-8069-C08C7FB11742}.Debug|x86.ActiveCfg = Debug|Win32
		{E62E616A-BAB4-4F32-8069-C08C7FB11742}.Debug|x86.Build.0 = Debug|Win32
		{E62E616A-BAB4-4F32-8069-C08C7FB11742}.Release|x64.ActiveCfg = Release|x64
		{E62E616A-BAB4-4F32-8069-C08C7FB11742}.Release|x64.Build.0 = Release|x64
		{E62E616A-BAB4-4F32-8069-C08C7FB11742}.Release|x86.ActiveCfg = Release|Win32
		{E62E616A-BAB4-4F32-8069-C08C7FB11742}.Release|x86.Build.0 = Release|Win32
	EndGlobalSection
	GlobalSection(SolutionProperties) = preSolution
		HideSolutionNode = FALSE
	EndGlobalSection
	GlobalSection(ExtensibilityGlobals) = postSolution
		SolutionGuid = {AB260BCC-FDCF-4E30-B808-F9D1921638E3}
	EndGlobalSection
EndGlobal
