
Microsoft Visual Studio Solution File, Format Version 12.00
# Visual Studio 15
VisualStudioVersion = 15.0.28307.572
MinimumVisualStudioVersion = 10.0.40219.1
Project("{8BC9CEB8-8B4A-11D0-8D11-00A0C91BC942}") = "Project121", "Project121\Project121.vcxproj", "{18281BC9-C510-4BB5-AE21-75AC4EB122DA}"
EndProject
Global
	GlobalSection(SolutionConfigurationPlatforms) = preSolution
		Debug|x64 = Debug|x64
		Debug|x86 = Debug|x86
		Release|x64 = Release|x64
		Release|x86 = Release|x86
	EndGlobalSection
	GlobalSection(ProjectConfigurationPlatforms) = postSolution
		{18281BC9-C510-4BB5-AE21-75AC4EB122DA}.Debug|x64.ActiveCfg = Debug|x64
		{18281BC9-C510-4BB5-AE21-75AC4EB122DA}.Debug|x64.Build.0 = Debug|x64
		{18281BC9-C510-4BB5-AE21-75AC4EB122DA}.Debug|x86.ActiveCfg = Debug|Win32
		{18281BC9-C510-4BB5-AE21-75AC4EB122DA}.Debug|x86.Build.0 = Debug|Win32
		{18281BC9-C510-4BB5-AE21-75AC4EB122DA}.Release|x64.ActiveCfg = Release|x64
		{18281BC9-C510-4BB5-AE21-75AC4EB122DA}.Release|x64.Build.0 = Release|x64
		{18281BC9-C510-4BB5-AE21-75AC4EB122DA}.Release|x86.ActiveCfg = Release|Win32
		{18281BC9-C510-4BB5-AE21-75AC4EB122DA}.Release|x86.Build.0 = Release|Win32
	EndGlobalSection
	GlobalSection(SolutionProperties) = preSolution
		HideSolutionNode = FALSE
	EndGlobalSection
	GlobalSection(ExtensibilityGlobals) = postSolution
		SolutionGuid = {543DF7B7-6FEA-48EE-8B8A-857A57E1FBA2}
	EndGlobalSection
EndGlobal
