
Microsoft Visual Studio Solution File, Format Version 12.00
# Visual Studio 15
VisualStudioVersion = 15.0.28307.572
MinimumVisualStudioVersion = 10.0.40219.1
Project("{8BC9CEB8-8B4A-11D0-8D11-00A0C91BC942}") = "Project24", "Project24\Project24.vcxproj", "{02665563-5B7C-40E2-9327-A104A8C5E8E1}"
EndProject
Global
	GlobalSection(SolutionConfigurationPlatforms) = preSolution
		Debug|x64 = Debug|x64
		Debug|x86 = Debug|x86
		Release|x64 = Release|x64
		Release|x86 = Release|x86
	EndGlobalSection
	GlobalSection(ProjectConfigurationPlatforms) = postSolution
		{02665563-5B7C-40E2-9327-A104A8C5E8E1}.Debug|x64.ActiveCfg = Debug|x64
		{02665563-5B7C-40E2-9327-A104A8C5E8E1}.Debug|x64.Build.0 = Debug|x64
		{02665563-5B7C-40E2-9327-A104A8C5E8E1}.Debug|x86.ActiveCfg = Debug|Win32
		{02665563-5B7C-40E2-9327-A104A8C5E8E1}.Debug|x86.Build.0 = Debug|Win32
		{02665563-5B7C-40E2-9327-A104A8C5E8E1}.Release|x64.ActiveCfg = Release|x64
		{02665563-5B7C-40E2-9327-A104A8C5E8E1}.Release|x64.Build.0 = Release|x64
		{02665563-5B7C-40E2-9327-A104A8C5E8E1}.Release|x86.ActiveCfg = Release|Win32
		{02665563-5B7C-40E2-9327-A104A8C5E8E1}.Release|x86.Build.0 = Release|Win32
	EndGlobalSection
	GlobalSection(SolutionProperties) = preSolution
		HideSolutionNode = FALSE
	EndGlobalSection
	GlobalSection(ExtensibilityGlobals) = postSolution
		SolutionGuid = {D166B631-78F6-4A25-8FA6-F4B0339641D1}
	EndGlobalSection
EndGlobal
