
Microsoft Visual Studio Solution File, Format Version 12.00
# Visual Studio 15
VisualStudioVersion = 15.0.28307.572
MinimumVisualStudioVersion = 10.0.40219.1
Project("{8BC9CEB8-8B4A-11D0-8D11-00A0C91BC942}") = "Project178", "Project178\Project178.vcxproj", "{5B51B2DD-BA6A-4EA9-B296-5E510D8796ED}"
EndProject
Global
	GlobalSection(SolutionConfigurationPlatforms) = preSolution
		Debug|x64 = Debug|x64
		Debug|x86 = Debug|x86
		Release|x64 = Release|x64
		Release|x86 = Release|x86
	EndGlobalSection
	GlobalSection(ProjectConfigurationPlatforms) = postSolution
		{5B51B2DD-BA6A-4EA9-B296-5E510D8796ED}.Debug|x64.ActiveCfg = Debug|x64
		{5B51B2DD-BA6A-4EA9-B296-5E510D8796ED}.Debug|x64.Build.0 = Debug|x64
		{5B51B2DD-BA6A-4EA9-B296-5E510D8796ED}.Debug|x86.ActiveCfg = Debug|Win32
		{5B51B2DD-BA6A-4EA9-B296-5E510D8796ED}.Debug|x86.Build.0 = Debug|Win32
		{5B51B2DD-BA6A-4EA9-B296-5E510D8796ED}.Release|x64.ActiveCfg = Release|x64
		{5B51B2DD-BA6A-4EA9-B296-5E510D8796ED}.Release|x64.Build.0 = Release|x64
		{5B51B2DD-BA6A-4EA9-B296-5E510D8796ED}.Release|x86.ActiveCfg = Release|Win32
		{5B51B2DD-BA6A-4EA9-B296-5E510D8796ED}.Release|x86.Build.0 = Release|Win32
	EndGlobalSection
	GlobalSection(SolutionProperties) = preSolution
		HideSolutionNode = FALSE
	EndGlobalSection
	GlobalSection(ExtensibilityGlobals) = postSolution
		SolutionGuid = {6A2B11E7-3B4D-40FE-8213-5DAB07F8F50E}
	EndGlobalSection
EndGlobal
