
Microsoft Visual Studio Solution File, Format Version 12.00
# Visual Studio 15
VisualStudioVersion = 15.0.28307.572
MinimumVisualStudioVersion = 10.0.40219.1
Project("{8BC9CEB8-8B4A-11D0-8D11-00A0C91BC942}") = "Project27", "Project27\Project27.vcxproj", "{BABDC05D-DF60-4BEF-B8F0-6290C0B44DEC}"
EndProject
Global
	GlobalSection(SolutionConfigurationPlatforms) = preSolution
		Debug|x64 = Debug|x64
		Debug|x86 = Debug|x86
		Release|x64 = Release|x64
		Release|x86 = Release|x86
	EndGlobalSection
	GlobalSection(ProjectConfigurationPlatforms) = postSolution
		{BABDC05D-DF60-4BEF-B8F0-6290C0B44DEC}.Debug|x64.ActiveCfg = Debug|x64
		{BABDC05D-DF60-4BEF-B8F0-6290C0B44DEC}.Debug|x64.Build.0 = Debug|x64
		{BABDC05D-DF60-4BEF-B8F0-6290C0B44DEC}.Debug|x86.ActiveCfg = Debug|Win32
		{BABDC05D-DF60-4BEF-B8F0-6290C0B44DEC}.Debug|x86.Build.0 = Debug|Win32
		{BABDC05D-DF60-4BEF-B8F0-6290C0B44DEC}.Release|x64.ActiveCfg = Release|x64
		{BABDC05D-DF60-4BEF-B8F0-6290C0B44DEC}.Release|x64.Build.0 = Release|x64
		{BABDC05D-DF60-4BEF-B8F0-6290C0B44DEC}.Release|x86.ActiveCfg = Release|Win32
		{BABDC05D-DF60-4BEF-B8F0-6290C0B44DEC}.Release|x86.Build.0 = Release|Win32
	EndGlobalSection
	GlobalSection(SolutionProperties) = preSolution
		HideSolutionNode = FALSE
	EndGlobalSection
	GlobalSection(ExtensibilityGlobals) = postSolution
		SolutionGuid = {460228BF-1E60-4B07-9BC0-3FEBB6B41705}
	EndGlobalSection
EndGlobal
