
Microsoft Visual Studio Solution File, Format Version 12.00
# Visual Studio 15
VisualStudioVersion = 15.0.28307.572
MinimumVisualStudioVersion = 10.0.40219.1
Project("{8BC9CEB8-8B4A-11D0-8D11-00A0C91BC942}") = "Project184", "Project184\Project184.vcxproj", "{D07946FF-017B-4A5E-897C-7888FBC5E554}"
EndProject
Global
	GlobalSection(SolutionConfigurationPlatforms) = preSolution
		Debug|x64 = Debug|x64
		Debug|x86 = Debug|x86
		Release|x64 = Release|x64
		Release|x86 = Release|x86
	EndGlobalSection
	GlobalSection(ProjectConfigurationPlatforms) = postSolution
		{D07946FF-017B-4A5E-897C-7888FBC5E554}.Debug|x64.ActiveCfg = Debug|x64
		{D07946FF-017B-4A5E-897C-7888FBC5E554}.Debug|x64.Build.0 = Debug|x64
		{D07946FF-017B-4A5E-897C-7888FBC5E554}.Debug|x86.ActiveCfg = Debug|Win32
		{D07946FF-017B-4A5E-897C-7888FBC5E554}.Debug|x86.Build.0 = Debug|Win32
		{D07946FF-017B-4A5E-897C-7888FBC5E554}.Release|x64.ActiveCfg = Release|x64
		{D07946FF-017B-4A5E-897C-7888FBC5E554}.Release|x64.Build.0 = Release|x64
		{D07946FF-017B-4A5E-897C-7888FBC5E554}.Release|x86.ActiveCfg = Release|Win32
		{D07946FF-017B-4A5E-897C-7888FBC5E554}.Release|x86.Build.0 = Release|Win32
	EndGlobalSection
	GlobalSection(SolutionProperties) = preSolution
		HideSolutionNode = FALSE
	EndGlobalSection
	GlobalSection(ExtensibilityGlobals) = postSolution
		SolutionGuid = {BA86F733-59A4-4A84-87E3-D7F5DAA0D90F}
	EndGlobalSection
EndGlobal
