
Microsoft Visual Studio Solution File, Format Version 12.00
# Visual Studio 15
VisualStudioVersion = 15.0.28307.572
MinimumVisualStudioVersion = 10.0.40219.1
Project("{8BC9CEB8-8B4A-11D0-8D11-00A0C91BC942}") = "Project66", "Project66\Project66.vcxproj", "{F1F6C393-BEF7-43D0-910C-73EA00F3B07B}"
EndProject
Global
	GlobalSection(SolutionConfigurationPlatforms) = preSolution
		Debug|x64 = Debug|x64
		Debug|x86 = Debug|x86
		Release|x64 = Release|x64
		Release|x86 = Release|x86
	EndGlobalSection
	GlobalSection(ProjectConfigurationPlatforms) = postSolution
		{F1F6C393-BEF7-43D0-910C-73EA00F3B07B}.Debug|x64.ActiveCfg = Debug|x64
		{F1F6C393-BEF7-43D0-910C-73EA00F3B07B}.Debug|x64.Build.0 = Debug|x64
		{F1F6C393-BEF7-43D0-910C-73EA00F3B07B}.Debug|x86.ActiveCfg = Debug|Win32
		{F1F6C393-BEF7-43D0-910C-73EA00F3B07B}.Debug|x86.Build.0 = Debug|Win32
		{F1F6C393-BEF7-43D0-910C-73EA00F3B07B}.Release|x64.ActiveCfg = Release|x64
		{F1F6C393-BEF7-43D0-910C-73EA00F3B07B}.Release|x64.Build.0 = Release|x64
		{F1F6C393-BEF7-43D0-910C-73EA00F3B07B}.Release|x86.ActiveCfg = Release|Win32
		{F1F6C393-BEF7-43D0-910C-73EA00F3B07B}.Release|x86.Build.0 = Release|Win32
	EndGlobalSection
	GlobalSection(SolutionProperties) = preSolution
		HideSolutionNode = FALSE
	EndGlobalSection
	GlobalSection(ExtensibilityGlobals) = postSolution
		SolutionGuid = {C6BB24AF-601B-4A6E-8DAE-CAF081A615A7}
	EndGlobalSection
EndGlobal
