
Microsoft Visual Studio Solution File, Format Version 12.00
# Visual Studio 15
VisualStudioVersion = 15.0.28307.572
MinimumVisualStudioVersion = 10.0.40219.1
Project("{8BC9CEB8-8B4A-11D0-8D11-00A0C91BC942}") = "Project153", "Project153\Project153.vcxproj", "{E1B429FD-7B9F-4FCB-A0F8-0F266666BA4B}"
EndProject
Global
	GlobalSection(SolutionConfigurationPlatforms) = preSolution
		Debug|x64 = Debug|x64
		Debug|x86 = Debug|x86
		Release|x64 = Release|x64
		Release|x86 = Release|x86
	EndGlobalSection
	GlobalSection(ProjectConfigurationPlatforms) = postSolution
		{E1B429FD-7B9F-4FCB-A0F8-0F266666BA4B}.Debug|x64.ActiveCfg = Debug|x64
		{E1B429FD-7B9F-4FCB-A0F8-0F266666BA4B}.Debug|x64.Build.0 = Debug|x64
		{E1B429FD-7B9F-4FCB-A0F8-0F266666BA4B}.Debug|x86.ActiveCfg = Debug|Win32
		{E1B429FD-7B9F-4FCB-A0F8-0F266666BA4B}.Debug|x86.Build.0 = Debug|Win32
		{E1B429FD-7B9F-4FCB-A0F8-0F266666BA4B}.Release|x64.ActiveCfg = Release|x64
		{E1B429FD-7B9F-4FCB-A0F8-0F266666BA4B}.Release|x64.Build.0 = Release|x64
		{E1B429FD-7B9F-4FCB-A0F8-0F266666BA4B}.Release|x86.ActiveCfg = Release|Win32
		{E1B429FD-7B9F-4FCB-A0F8-0F266666BA4B}.Release|x86.Build.0 = Release|Win32
	EndGlobalSection
	GlobalSection(SolutionProperties) = preSolution
		HideSolutionNode = FALSE
	EndGlobalSection
	GlobalSection(ExtensibilityGlobals) = postSolution
		SolutionGuid = {C477300E-022E-4C58-AFA2-2BE724408E3A}
	EndGlobalSection
EndGlobal
