
Microsoft Visual Studio Solution File, Format Version 12.00
# Visual Studio 15
VisualStudioVersion = 15.0.28307.572
MinimumVisualStudioVersion = 10.0.40219.1
Project("{8BC9CEB8-8B4A-11D0-8D11-00A0C91BC942}") = "Project173", "Project173\Project173.vcxproj", "{C3E0DF9C-7FFE-4449-ADCB-B3D97B2ABD27}"
EndProject
Global
	GlobalSection(SolutionConfigurationPlatforms) = preSolution
		Debug|x64 = Debug|x64
		Debug|x86 = Debug|x86
		Release|x64 = Release|x64
		Release|x86 = Release|x86
	EndGlobalSection
	GlobalSection(ProjectConfigurationPlatforms) = postSolution
		{C3E0DF9C-7FFE-4449-ADCB-B3D97B2ABD27}.Debug|x64.ActiveCfg = Debug|x64
		{C3E0DF9C-7FFE-4449-ADCB-B3D97B2ABD27}.Debug|x64.Build.0 = Debug|x64
		{C3E0DF9C-7FFE-4449-ADCB-B3D97B2ABD27}.Debug|x86.ActiveCfg = Debug|Win32
		{C3E0DF9C-7FFE-4449-ADCB-B3D97B2ABD27}.Debug|x86.Build.0 = Debug|Win32
		{C3E0DF9C-7FFE-4449-ADCB-B3D97B2ABD27}.Release|x64.ActiveCfg = Release|x64
		{C3E0DF9C-7FFE-4449-ADCB-B3D97B2ABD27}.Release|x64.Build.0 = Release|x64
		{C3E0DF9C-7FFE-4449-ADCB-B3D97B2ABD27}.Release|x86.ActiveCfg = Release|Win32
		{C3E0DF9C-7FFE-4449-ADCB-B3D97B2ABD27}.Release|x86.Build.0 = Release|Win32
	EndGlobalSection
	GlobalSection(SolutionProperties) = preSolution
		HideSolutionNode = FALSE
	EndGlobalSection
	GlobalSection(ExtensibilityGlobals) = postSolution
		SolutionGuid = {764BB926-A3DB-43C3-BF3D-14A3CB5DA832}
	EndGlobalSection
EndGlobal
